// !$*UTF8*$!
{
	archiveVersion = 1;
	classes = {
	};
	objectVersion = 55;
	objects = {

/* Begin PBXBuildFile section */
		7C6E91CC2B233EF100C88351 /* AppDelegate.swift in Sources */ = {isa = PBXBuildFile; fileRef = 7C6E91CB2B233EF100C88351 /* AppDelegate.swift */; };
		7C6E91CE2B233EF100C88351 /* SceneDelegate.swift in Sources */ = {isa = PBXBuildFile; fileRef = 7C6E91CD2B233EF100C88351 /* SceneDelegate.swift */; };
		7C6E91D52B233EF300C88351 /* Assets.xcassets in Resources */ = {isa = PBXBuildFile; fileRef = 7C6E91D42B233EF300C88351 /* Assets.xcassets */; };
		7C6E91D82B233EF300C88351 /* LaunchScreen.storyboard in Resources */ = {isa = PBXBuildFile; fileRef = 7C6E91D62B233EF300C88351 /* LaunchScreen.storyboard */; };
		7C6E91E32B2343A100C88351 /* MainViewController.swift in Sources */ = {isa = PBXBuildFile; fileRef = 7C6E91E22B2343A100C88351 /* MainViewController.swift */; };
		7C6E91E52B2343AE00C88351 /* MainPresenter.swift in Sources */ = {isa = PBXBuildFile; fileRef = 7C6E91E42B2343AE00C88351 /* MainPresenter.swift */; };
		7C6E91E72B2343B700C88351 /* MainInteractor.swift in Sources */ = {isa = PBXBuildFile; fileRef = 7C6E91E62B2343B700C88351 /* MainInteractor.swift */; };
		7C6E91E92B2343C000C88351 /* MainRouter.swift in Sources */ = {isa = PBXBuildFile; fileRef = 7C6E91E82B2343C000C88351 /* MainRouter.swift */; };
		7C6E91EB2B2343CD00C88351 /* MainConfigurator.swift in Sources */ = {isa = PBXBuildFile; fileRef = 7C6E91EA2B2343CD00C88351 /* MainConfigurator.swift */; };
		7C6E91EF2B23543600C88351 /* BaseViewController.swift in Sources */ = {isa = PBXBuildFile; fileRef = 7C6E91EE2B23543600C88351 /* BaseViewController.swift */; };
		7C6E91F22B23577500C88351 /* MainTopView.swift in Sources */ = {isa = PBXBuildFile; fileRef = 7C6E91F12B23577500C88351 /* MainTopView.swift */; };
		7C6E91F62B235F9300C88351 /* Resouces.swift in Sources */ = {isa = PBXBuildFile; fileRef = 7C6E91F52B235F9300C88351 /* Resouces.swift */; };
		7C6E91F92B23607C00C88351 /* UIColorExt.swift in Sources */ = {isa = PBXBuildFile; fileRef = 7C6E91F82B23607C00C88351 /* UIColorExt.swift */; };
		7C6E91FD2B23684800C88351 /* BaseView.swift in Sources */ = {isa = PBXBuildFile; fileRef = 7C6E91FC2B23684800C88351 /* BaseView.swift */; };
		7C6E92002B2391DB00C88351 /* UIViewExt.swift in Sources */ = {isa = PBXBuildFile; fileRef = 7C6E91FF2B2391DB00C88351 /* UIViewExt.swift */; };
		7C6E92062B24502500C88351 /* UIViewControllerExt.swift in Sources */ = {isa = PBXBuildFile; fileRef = 7C6E92052B24502500C88351 /* UIViewControllerExt.swift */; };
		7CED6A382B27635500704A3C /* IHCollectionView.swift in Sources */ = {isa = PBXBuildFile; fileRef = 7CED6A372B27635500704A3C /* IHCollectionView.swift */; };
		7CED6A3B2B276A9700704A3C /* HourlyTempCollectionCell.swift in Sources */ = {isa = PBXBuildFile; fileRef = 7CED6A3A2B276A9700704A3C /* HourlyTempCollectionCell.swift */; };
		7CED6A402B28661300704A3C /* InfoHourlyCollectionView.swift in Sources */ = {isa = PBXBuildFile; fileRef = 7CED6A3F2B28661300704A3C /* InfoHourlyCollectionView.swift */; };
		7CED6A422B28664200704A3C /* InfoHourlyCollectionReusabbleView.swift in Sources */ = {isa = PBXBuildFile; fileRef = 7CED6A412B28664200704A3C /* InfoHourlyCollectionReusabbleView.swift */; };
		7CED6A452B28DB5800704A3C /* APIWeatherData.swift in Sources */ = {isa = PBXBuildFile; fileRef = 7CED6A442B28DB5800704A3C /* APIWeatherData.swift */; };
		7CED6A472B28E0C400704A3C /* Location.swift in Sources */ = {isa = PBXBuildFile; fileRef = 7CED6A462B28E0C400704A3C /* Location.swift */; };
		7CED6A492B28E15300704A3C /* WeatherService.swift in Sources */ = {isa = PBXBuildFile; fileRef = 7CED6A482B28E15300704A3C /* WeatherService.swift */; };
		7CED6A4B2B28E25200704A3C /* WeatherServiceError.swift in Sources */ = {isa = PBXBuildFile; fileRef = 7CED6A4A2B28E25200704A3C /* WeatherServiceError.swift */; };
		7CED6A4E2B29124300704A3C /* CurrentWeather.swift in Sources */ = {isa = PBXBuildFile; fileRef = 7CED6A4D2B29124300704A3C /* CurrentWeather.swift */; };
		7CED6A502B2915BF00704A3C /* DateExt.swift in Sources */ = {isa = PBXBuildFile; fileRef = 7CED6A4F2B2915BF00704A3C /* DateExt.swift */; };
		7CED6A522B29164100704A3C /* DoubleExt.swift in Sources */ = {isa = PBXBuildFile; fileRef = 7CED6A512B29164100704A3C /* DoubleExt.swift */; };
/* End PBXBuildFile section */

/* Begin PBXFileReference section */
		7C6E91C82B233EF100C88351 /* WeatherKhlestkin.app */ = {isa = PBXFileReference; explicitFileType = wrapper.application; includeInIndex = 0; path = WeatherKhlestkin.app; sourceTree = BUILT_PRODUCTS_DIR; };
		7C6E91CB2B233EF100C88351 /* AppDelegate.swift */ = {isa = PBXFileReference; lastKnownFileType = sourcecode.swift; path = AppDelegate.swift; sourceTree = "<group>"; };
		7C6E91CD2B233EF100C88351 /* SceneDelegate.swift */ = {isa = PBXFileReference; lastKnownFileType = sourcecode.swift; path = SceneDelegate.swift; sourceTree = "<group>"; };
		7C6E91D42B233EF300C88351 /* Assets.xcassets */ = {isa = PBXFileReference; lastKnownFileType = folder.assetcatalog; path = Assets.xcassets; sourceTree = "<group>"; };
		7C6E91D72B233EF300C88351 /* Base */ = {isa = PBXFileReference; lastKnownFileType = file.storyboard; name = Base; path = Base.lproj/LaunchScreen.storyboard; sourceTree = "<group>"; };
		7C6E91D92B233EF300C88351 /* Info.plist */ = {isa = PBXFileReference; lastKnownFileType = text.plist.xml; path = Info.plist; sourceTree = "<group>"; };
		7C6E91E22B2343A100C88351 /* MainViewController.swift */ = {isa = PBXFileReference; lastKnownFileType = sourcecode.swift; path = MainViewController.swift; sourceTree = "<group>"; };
		7C6E91E42B2343AE00C88351 /* MainPresenter.swift */ = {isa = PBXFileReference; lastKnownFileType = sourcecode.swift; path = MainPresenter.swift; sourceTree = "<group>"; };
		7C6E91E62B2343B700C88351 /* MainInteractor.swift */ = {isa = PBXFileReference; lastKnownFileType = sourcecode.swift; path = MainInteractor.swift; sourceTree = "<group>"; };
		7C6E91E82B2343C000C88351 /* MainRouter.swift */ = {isa = PBXFileReference; lastKnownFileType = sourcecode.swift; path = MainRouter.swift; sourceTree = "<group>"; };
		7C6E91EA2B2343CD00C88351 /* MainConfigurator.swift */ = {isa = PBXFileReference; lastKnownFileType = sourcecode.swift; path = MainConfigurator.swift; sourceTree = "<group>"; };
		7C6E91EE2B23543600C88351 /* BaseViewController.swift */ = {isa = PBXFileReference; lastKnownFileType = sourcecode.swift; path = BaseViewController.swift; sourceTree = "<group>"; };
		7C6E91F12B23577500C88351 /* MainTopView.swift */ = {isa = PBXFileReference; lastKnownFileType = sourcecode.swift; path = MainTopView.swift; sourceTree = "<group>"; };
		7C6E91F52B235F9300C88351 /* Resouces.swift */ = {isa = PBXFileReference; lastKnownFileType = sourcecode.swift; path = Resouces.swift; sourceTree = "<group>"; };
		7C6E91F82B23607C00C88351 /* UIColorExt.swift */ = {isa = PBXFileReference; lastKnownFileType = sourcecode.swift; path = UIColorExt.swift; sourceTree = "<group>"; };
		7C6E91FC2B23684800C88351 /* BaseView.swift */ = {isa = PBXFileReference; lastKnownFileType = sourcecode.swift; path = BaseView.swift; sourceTree = "<group>"; };
		7C6E91FF2B2391DB00C88351 /* UIViewExt.swift */ = {isa = PBXFileReference; lastKnownFileType = sourcecode.swift; path = UIViewExt.swift; sourceTree = "<group>"; };
		7C6E92052B24502500C88351 /* UIViewControllerExt.swift */ = {isa = PBXFileReference; lastKnownFileType = sourcecode.swift; path = UIViewControllerExt.swift; sourceTree = "<group>"; };
		7CED6A372B27635500704A3C /* IHCollectionView.swift */ = {isa = PBXFileReference; lastKnownFileType = sourcecode.swift; path = IHCollectionView.swift; sourceTree = "<group>"; };
		7CED6A3A2B276A9700704A3C /* HourlyTempCollectionCell.swift */ = {isa = PBXFileReference; lastKnownFileType = sourcecode.swift; path = HourlyTempCollectionCell.swift; sourceTree = "<group>"; };
		7CED6A3F2B28661300704A3C /* InfoHourlyCollectionView.swift */ = {isa = PBXFileReference; lastKnownFileType = sourcecode.swift; path = InfoHourlyCollectionView.swift; sourceTree = "<group>"; };
		7CED6A412B28664200704A3C /* InfoHourlyCollectionReusabbleView.swift */ = {isa = PBXFileReference; lastKnownFileType = sourcecode.swift; path = InfoHourlyCollectionReusabbleView.swift; sourceTree = "<group>"; };
		7CED6A442B28DB5800704A3C /* APIWeatherData.swift */ = {isa = PBXFileReference; lastKnownFileType = sourcecode.swift; path = APIWeatherData.swift; sourceTree = "<group>"; };
		7CED6A462B28E0C400704A3C /* Location.swift */ = {isa = PBXFileReference; lastKnownFileType = sourcecode.swift; path = Location.swift; sourceTree = "<group>"; };
		7CED6A482B28E15300704A3C /* WeatherService.swift */ = {isa = PBXFileReference; lastKnownFileType = sourcecode.swift; path = WeatherService.swift; sourceTree = "<group>"; };
		7CED6A4A2B28E25200704A3C /* WeatherServiceError.swift */ = {isa = PBXFileReference; lastKnownFileType = sourcecode.swift; path = WeatherServiceError.swift; sourceTree = "<group>"; };
		7CED6A4D2B29124300704A3C /* CurrentWeather.swift */ = {isa = PBXFileReference; lastKnownFileType = sourcecode.swift; path = CurrentWeather.swift; sourceTree = "<group>"; };
		7CED6A4F2B2915BF00704A3C /* DateExt.swift */ = {isa = PBXFileReference; lastKnownFileType = sourcecode.swift; path = DateExt.swift; sourceTree = "<group>"; };
		7CED6A512B29164100704A3C /* DoubleExt.swift */ = {isa = PBXFileReference; lastKnownFileType = sourcecode.swift; path = DoubleExt.swift; sourceTree = "<group>"; };
/* End PBXFileReference section */

/* Begin PBXFrameworksBuildPhase section */
		7C6E91C52B233EF100C88351 /* Frameworks */ = {
			isa = PBXFrameworksBuildPhase;
			buildActionMask = 2147483647;
			files = (
			);
			runOnlyForDeploymentPostprocessing = 0;
		};
/* End PBXFrameworksBuildPhase section */

/* Begin PBXGroup section */
		7C6E91BF2B233EF100C88351 = {
			isa = PBXGroup;
			children = (
				7C6E91CA2B233EF100C88351 /* WeatherKhlestkin */,
				7C6E91C92B233EF100C88351 /* Products */,
			);
			sourceTree = "<group>";
		};
		7C6E91C92B233EF100C88351 /* Products */ = {
			isa = PBXGroup;
			children = (
				7C6E91C82B233EF100C88351 /* WeatherKhlestkin.app */,
			);
			name = Products;
			sourceTree = "<group>";
		};
		7C6E91CA2B233EF100C88351 /* WeatherKhlestkin */ = {
			isa = PBXGroup;
			children = (
				7C6E92072B24516200C88351 /* App */,
				7C6E91F42B235F7E00C88351 /* Helpers */,
				7C6E91DF2B233F4F00C88351 /* Services */,
				7C6E91E12B23430900C88351 /* Modules */,
				7C6E91E02B233FF400C88351 /* SupportingFiles */,
			);
			path = WeatherKhlestkin;
			sourceTree = "<group>";
		};
		7C6E91DF2B233F4F00C88351 /* Services */ = {
			isa = PBXGroup;
			children = (
				7CED6A482B28E15300704A3C /* WeatherService.swift */,
				7CED6A4A2B28E25200704A3C /* WeatherServiceError.swift */,
			);
			path = Services;
			sourceTree = "<group>";
		};
		7C6E91E02B233FF400C88351 /* SupportingFiles */ = {
			isa = PBXGroup;
			children = (
				7C6E91D42B233EF300C88351 /* Assets.xcassets */,
				7C6E91D62B233EF300C88351 /* LaunchScreen.storyboard */,
				7C6E91D92B233EF300C88351 /* Info.plist */,
			);
			path = SupportingFiles;
			sourceTree = "<group>";
		};
		7C6E91E12B23430900C88351 /* Modules */ = {
			isa = PBXGroup;
			children = (
				7C6E91ED2B2353FE00C88351 /* Base */,
				7CED6A432B28DB0000704A3C /* Models */,
				7C6E91EC2B2343D400C88351 /* MainModule */,
				7C6E91FA2B2366EC00C88351 /* FindModule */,
				7C6E91FB2B2366FE00C88351 /* FavoritesModule */,
			);
			path = Modules;
			sourceTree = "<group>";
		};
		7C6E91EC2B2343D400C88351 /* MainModule */ = {
			isa = PBXGroup;
			children = (
				7CED6A4C2B29122700704A3C /* Models */,
				7C6E91E22B2343A100C88351 /* MainViewController.swift */,
				7C6E91E42B2343AE00C88351 /* MainPresenter.swift */,
				7C6E91E62B2343B700C88351 /* MainInteractor.swift */,
				7C6E91E82B2343C000C88351 /* MainRouter.swift */,
				7C6E91EA2B2343CD00C88351 /* MainConfigurator.swift */,
				7C6E91FE2B23689300C88351 /* Views */,
			);
			path = MainModule;
			sourceTree = "<group>";
		};
		7C6E91ED2B2353FE00C88351 /* Base */ = {
			isa = PBXGroup;
			children = (
				7C6E91F02B23573A00C88351 /* Views */,
				7C6E91F32B2359D000C88351 /* Module */,
			);
			path = Base;
			sourceTree = "<group>";
		};
		7C6E91F02B23573A00C88351 /* Views */ = {
			isa = PBXGroup;
			children = (
				7C6E91FC2B23684800C88351 /* BaseView.swift */,
			);
			path = Views;
			sourceTree = "<group>";
		};
		7C6E91F32B2359D000C88351 /* Module */ = {
			isa = PBXGroup;
			children = (
				7C6E91EE2B23543600C88351 /* BaseViewController.swift */,
			);
			path = Module;
			sourceTree = "<group>";
		};
		7C6E91F42B235F7E00C88351 /* Helpers */ = {
			isa = PBXGroup;
			children = (
				7C6E91F72B23605D00C88351 /* Extensions */,
				7C6E91F52B235F9300C88351 /* Resouces.swift */,
			);
			path = Helpers;
			sourceTree = "<group>";
		};
		7C6E91F72B23605D00C88351 /* Extensions */ = {
			isa = PBXGroup;
			children = (
				7C6E91F82B23607C00C88351 /* UIColorExt.swift */,
				7C6E91FF2B2391DB00C88351 /* UIViewExt.swift */,
				7C6E92052B24502500C88351 /* UIViewControllerExt.swift */,
				7CED6A4F2B2915BF00704A3C /* DateExt.swift */,
				7CED6A512B29164100704A3C /* DoubleExt.swift */,
			);
			path = Extensions;
			sourceTree = "<group>";
		};
		7C6E91FA2B2366EC00C88351 /* FindModule */ = {
			isa = PBXGroup;
			children = (
			);
			path = FindModule;
			sourceTree = "<group>";
		};
		7C6E91FB2B2366FE00C88351 /* FavoritesModule */ = {
			isa = PBXGroup;
			children = (
			);
			path = FavoritesModule;
			sourceTree = "<group>";
		};
		7C6E91FE2B23689300C88351 /* Views */ = {
			isa = PBXGroup;
			children = (
				7CED6A362B27616500704A3C /* CollectionView */,
				7C6E91F12B23577500C88351 /* MainTopView.swift */,
			);
			path = Views;
			sourceTree = "<group>";
		};
		7C6E92072B24516200C88351 /* App */ = {
			isa = PBXGroup;
			children = (
				7C6E91CB2B233EF100C88351 /* AppDelegate.swift */,
				7C6E91CD2B233EF100C88351 /* SceneDelegate.swift */,
			);
			path = App;
			sourceTree = "<group>";
		};
		7CED6A362B27616500704A3C /* CollectionView */ = {
			isa = PBXGroup;
			children = (
				7CED6A372B27635500704A3C /* IHCollectionView.swift */,
				7CED6A3E2B2865B700704A3C /* InfoHourlyTemperature */,
			);
			path = CollectionView;
			sourceTree = "<group>";
		};
		7CED6A392B2769BB00704A3C /* InfoHourlyTemperatureCell */ = {
			isa = PBXGroup;
			children = (
				7CED6A3A2B276A9700704A3C /* HourlyTempCollectionCell.swift */,
			);
			path = InfoHourlyTemperatureCell;
			sourceTree = "<group>";
		};
		7CED6A3E2B2865B700704A3C /* InfoHourlyTemperature */ = {
			isa = PBXGroup;
			children = (
				7CED6A412B28664200704A3C /* InfoHourlyCollectionReusabbleView.swift */,
				7CED6A3F2B28661300704A3C /* InfoHourlyCollectionView.swift */,
				7CED6A392B2769BB00704A3C /* InfoHourlyTemperatureCell */,
			);
			path = InfoHourlyTemperature;
			sourceTree = "<group>";
		};
		7CED6A432B28DB0000704A3C /* Models */ = {
			isa = PBXGroup;
			children = (
				7CED6A442B28DB5800704A3C /* APIWeatherData.swift */,
				7CED6A462B28E0C400704A3C /* Location.swift */,
			);
			path = Models;
			sourceTree = "<group>";
		};
		7CED6A4C2B29122700704A3C /* Models */ = {
			isa = PBXGroup;
			children = (
				7CED6A4D2B29124300704A3C /* CurrentWeather.swift */,
			);
			path = Models;
			sourceTree = "<group>";
		};
/* End PBXGroup section */

/* Begin PBXNativeTarget section */
		7C6E91C72B233EF100C88351 /* WeatherKhlestkin */ = {
			isa = PBXNativeTarget;
			buildConfigurationList = 7C6E91DC2B233EF300C88351 /* Build configuration list for PBXNativeTarget "WeatherKhlestkin" */;
			buildPhases = (
				7C6E91C42B233EF100C88351 /* Sources */,
				7C6E91C52B233EF100C88351 /* Frameworks */,
				7C6E91C62B233EF100C88351 /* Resources */,
			);
			buildRules = (
			);
			dependencies = (
			);
			name = WeatherKhlestkin;
			productName = WeatherKhlestkin;
			productReference = 7C6E91C82B233EF100C88351 /* WeatherKhlestkin.app */;
			productType = "com.apple.product-type.application";
		};
/* End PBXNativeTarget section */

/* Begin PBXProject section */
		7C6E91C02B233EF100C88351 /* Project object */ = {
			isa = PBXProject;
			attributes = {
				BuildIndependentTargetsInParallel = 1;
				LastSwiftUpdateCheck = 1320;
				LastUpgradeCheck = 1320;
				TargetAttributes = {
					7C6E91C72B233EF100C88351 = {
						CreatedOnToolsVersion = 13.2;
					};
				};
			};
			buildConfigurationList = 7C6E91C32B233EF100C88351 /* Build configuration list for PBXProject "WeatherKhlestkin" */;
			compatibilityVersion = "Xcode 13.0";
			developmentRegion = en;
			hasScannedForEncodings = 0;
			knownRegions = (
				en,
				Base,
			);
			mainGroup = 7C6E91BF2B233EF100C88351;
			productRefGroup = 7C6E91C92B233EF100C88351 /* Products */;
			projectDirPath = "";
			projectRoot = "";
			targets = (
				7C6E91C72B233EF100C88351 /* WeatherKhlestkin */,
			);
		};
/* End PBXProject section */

/* Begin PBXResourcesBuildPhase section */
		7C6E91C62B233EF100C88351 /* Resources */ = {
			isa = PBXResourcesBuildPhase;
			buildActionMask = 2147483647;
			files = (
				7C6E91D82B233EF300C88351 /* LaunchScreen.storyboard in Resources */,
				7C6E91D52B233EF300C88351 /* Assets.xcassets in Resources */,
			);
			runOnlyForDeploymentPostprocessing = 0;
		};
/* End PBXResourcesBuildPhase section */

/* Begin PBXSourcesBuildPhase section */
		7C6E91C42B233EF100C88351 /* Sources */ = {
			isa = PBXSourcesBuildPhase;
			buildActionMask = 2147483647;
			files = (
				7C6E92002B2391DB00C88351 /* UIViewExt.swift in Sources */,
				7C6E91F62B235F9300C88351 /* Resouces.swift in Sources */,
				7CED6A502B2915BF00704A3C /* DateExt.swift in Sources */,
				7CED6A492B28E15300704A3C /* WeatherService.swift in Sources */,
				7C6E91F22B23577500C88351 /* MainTopView.swift in Sources */,
				7CED6A422B28664200704A3C /* InfoHourlyCollectionReusabbleView.swift in Sources */,
				7C6E91E32B2343A100C88351 /* MainViewController.swift in Sources */,
				7C6E91FD2B23684800C88351 /* BaseView.swift in Sources */,
				7C6E91CC2B233EF100C88351 /* AppDelegate.swift in Sources */,
				7CED6A382B27635500704A3C /* IHCollectionView.swift in Sources */,
				7C6E91CE2B233EF100C88351 /* SceneDelegate.swift in Sources */,
				7CED6A4E2B29124300704A3C /* CurrentWeather.swift in Sources */,
				7CED6A522B29164100704A3C /* DoubleExt.swift in Sources */,
				7C6E91E72B2343B700C88351 /* MainInteractor.swift in Sources */,
				7C6E91EB2B2343CD00C88351 /* MainConfigurator.swift in Sources */,
				7C6E91EF2B23543600C88351 /* BaseViewController.swift in Sources */,
				7CED6A472B28E0C400704A3C /* Location.swift in Sources */,
				7C6E91F92B23607C00C88351 /* UIColorExt.swift in Sources */,
				7C6E91E52B2343AE00C88351 /* MainPresenter.swift in Sources */,
				7C6E92062B24502500C88351 /* UIViewControllerExt.swift in Sources */,
				7CED6A3B2B276A9700704A3C /* HourlyTempCollectionCell.swift in Sources */,
				7C6E91E92B2343C000C88351 /* MainRouter.swift in Sources */,
				7CED6A402B28661300704A3C /* InfoHourlyCollectionView.swift in Sources */,
				7CED6A4B2B28E25200704A3C /* WeatherServiceError.swift in Sources */,
				7CED6A452B28DB5800704A3C /* APIWeatherData.swift in Sources */,
			);
			runOnlyForDeploymentPostprocessing = 0;
		};
/* End PBXSourcesBuildPhase section */

/* Begin PBXVariantGroup section */
		7C6E91D62B233EF300C88351 /* LaunchScreen.storyboard */ = {
			isa = PBXVariantGroup;
			children = (
				7C6E91D72B233EF300C88351 /* Base */,
			);
			name = LaunchScreen.storyboard;
			sourceTree = "<group>";
		};
/* End PBXVariantGroup section */

/* Begin XCBuildConfiguration section */
		7C6E91DA2B233EF300C88351 /* Debug */ = {
			isa = XCBuildConfiguration;
			buildSettings = {
				ALWAYS_SEARCH_USER_PATHS = NO;
				CLANG_ANALYZER_NONNULL = YES;
				CLANG_ANALYZER_NUMBER_OBJECT_CONVERSION = YES_AGGRESSIVE;
				CLANG_CXX_LANGUAGE_STANDARD = "gnu++17";
				CLANG_CXX_LIBRARY = "libc++";
				CLANG_ENABLE_MODULES = YES;
				CLANG_ENABLE_OBJC_ARC = YES;
				CLANG_ENABLE_OBJC_WEAK = YES;
				CLANG_WARN_BLOCK_CAPTURE_AUTORELEASING = YES;
				CLANG_WARN_BOOL_CONVERSION = YES;
				CLANG_WARN_COMMA = YES;
				CLANG_WARN_CONSTANT_CONVERSION = YES;
				CLANG_WARN_DEPRECATED_OBJC_IMPLEMENTATIONS = YES;
				CLANG_WARN_DIRECT_OBJC_ISA_USAGE = YES_ERROR;
				CLANG_WARN_DOCUMENTATION_COMMENTS = YES;
				CLANG_WARN_EMPTY_BODY = YES;
				CLANG_WARN_ENUM_CONVERSION = YES;
				CLANG_WARN_INFINITE_RECURSION = YES;
				CLANG_WARN_INT_CONVERSION = YES;
				CLANG_WARN_NON_LITERAL_NULL_CONVERSION = YES;
				CLANG_WARN_OBJC_IMPLICIT_RETAIN_SELF = YES;
				CLANG_WARN_OBJC_LITERAL_CONVERSION = YES;
				CLANG_WARN_OBJC_ROOT_CLASS = YES_ERROR;
				CLANG_WARN_QUOTED_INCLUDE_IN_FRAMEWORK_HEADER = YES;
				CLANG_WARN_RANGE_LOOP_ANALYSIS = YES;
				CLANG_WARN_STRICT_PROTOTYPES = YES;
				CLANG_WARN_SUSPICIOUS_MOVE = YES;
				CLANG_WARN_UNGUARDED_AVAILABILITY = YES_AGGRESSIVE;
				CLANG_WARN_UNREACHABLE_CODE = YES;
				CLANG_WARN__DUPLICATE_METHOD_MATCH = YES;
				COPY_PHASE_STRIP = NO;
				DEBUG_INFORMATION_FORMAT = dwarf;
				ENABLE_STRICT_OBJC_MSGSEND = YES;
				ENABLE_TESTABILITY = YES;
				GCC_C_LANGUAGE_STANDARD = gnu11;
				GCC_DYNAMIC_NO_PIC = NO;
				GCC_NO_COMMON_BLOCKS = YES;
				GCC_OPTIMIZATION_LEVEL = 0;
				GCC_PREPROCESSOR_DEFINITIONS = (
					"DEBUG=1",
					"$(inherited)",
				);
				GCC_WARN_64_TO_32_BIT_CONVERSION = YES;
				GCC_WARN_ABOUT_RETURN_TYPE = YES_ERROR;
				GCC_WARN_UNDECLARED_SELECTOR = YES;
				GCC_WARN_UNINITIALIZED_AUTOS = YES_AGGRESSIVE;
				GCC_WARN_UNUSED_FUNCTION = YES;
				GCC_WARN_UNUSED_VARIABLE = YES;
				IPHONEOS_DEPLOYMENT_TARGET = 15.2;
				MTL_ENABLE_DEBUG_INFO = INCLUDE_SOURCE;
				MTL_FAST_MATH = YES;
				ONLY_ACTIVE_ARCH = YES;
				SDKROOT = iphoneos;
				SWIFT_ACTIVE_COMPILATION_CONDITIONS = DEBUG;
				SWIFT_OPTIMIZATION_LEVEL = "-Onone";
			};
			name = Debug;
		};
		7C6E91DB2B233EF300C88351 /* Release */ = {
			isa = XCBuildConfiguration;
			buildSettings = {
				ALWAYS_SEARCH_USER_PATHS = NO;
				CLANG_ANALYZER_NONNULL = YES;
				CLANG_ANALYZER_NUMBER_OBJECT_CONVERSION = YES_AGGRESSIVE;
				CLANG_CXX_LANGUAGE_STANDARD = "gnu++17";
				CLANG_CXX_LIBRARY = "libc++";
				CLANG_ENABLE_MODULES = YES;
				CLANG_ENABLE_OBJC_ARC = YES;
				CLANG_ENABLE_OBJC_WEAK = YES;
				CLANG_WARN_BLOCK_CAPTURE_AUTORELEASING = YES;
				CLANG_WARN_BOOL_CONVERSION = YES;
				CLANG_WARN_COMMA = YES;
				CLANG_WARN_CONSTANT_CONVERSION = YES;
				CLANG_WARN_DEPRECATED_OBJC_IMPLEMENTATIONS = YES;
				CLANG_WARN_DIRECT_OBJC_ISA_USAGE = YES_ERROR;
				CLANG_WARN_DOCUMENTATION_COMMENTS = YES;
				CLANG_WARN_EMPTY_BODY = YES;
				CLANG_WARN_ENUM_CONVERSION = YES;
				CLANG_WARN_INFINITE_RECURSION = YES;
				CLANG_WARN_INT_CONVERSION = YES;
				CLANG_WARN_NON_LITERAL_NULL_CONVERSION = YES;
				CLANG_WARN_OBJC_IMPLICIT_RETAIN_SELF = YES;
				CLANG_WARN_OBJC_LITERAL_CONVERSION = YES;
				CLANG_WARN_OBJC_ROOT_CLASS = YES_ERROR;
				CLANG_WARN_QUOTED_INCLUDE_IN_FRAMEWORK_HEADER = YES;
				CLANG_WARN_RANGE_LOOP_ANALYSIS = YES;
				CLANG_WARN_STRICT_PROTOTYPES = YES;
				CLANG_WARN_SUSPICIOUS_MOVE = YES;
				CLANG_WARN_UNGUARDED_AVAILABILITY = YES_AGGRESSIVE;
				CLANG_WARN_UNREACHABLE_CODE = YES;
				CLANG_WARN__DUPLICATE_METHOD_MATCH = YES;
				COPY_PHASE_STRIP = NO;
				DEBUG_INFORMATION_FORMAT = "dwarf-with-dsym";
				ENABLE_NS_ASSERTIONS = NO;
				ENABLE_STRICT_OBJC_MSGSEND = YES;
				GCC_C_LANGUAGE_STANDARD = gnu11;
				GCC_NO_COMMON_BLOCKS = YES;
				GCC_WARN_64_TO_32_BIT_CONVERSION = YES;
				GCC_WARN_ABOUT_RETURN_TYPE = YES_ERROR;
				GCC_WARN_UNDECLARED_SELECTOR = YES;
				GCC_WARN_UNINITIALIZED_AUTOS = YES_AGGRESSIVE;
				GCC_WARN_UNUSED_FUNCTION = YES;
				GCC_WARN_UNUSED_VARIABLE = YES;
				IPHONEOS_DEPLOYMENT_TARGET = 15.2;
				MTL_ENABLE_DEBUG_INFO = NO;
				MTL_FAST_MATH = YES;
				SDKROOT = iphoneos;
				SWIFT_COMPILATION_MODE = wholemodule;
				SWIFT_OPTIMIZATION_LEVEL = "-O";
				VALIDATE_PRODUCT = YES;
			};
			name = Release;
		};
		7C6E91DD2B233EF300C88351 /* Debug */ = {
			isa = XCBuildConfiguration;
			buildSettings = {
				ASSETCATALOG_COMPILER_APPICON_NAME = AppIcon;
				ASSETCATALOG_COMPILER_GLOBAL_ACCENT_COLOR_NAME = AccentColor;
				CODE_SIGN_STYLE = Automatic;
				CURRENT_PROJECT_VERSION = 1;
				DEVELOPMENT_TEAM = C6G3QGCBCM;
				GENERATE_INFOPLIST_FILE = YES;
				INFOPLIST_FILE = WeatherKhlestkin/SupportingFiles/Info.plist;
				INFOPLIST_KEY_UIApplicationSupportsIndirectInputEvents = YES;
				INFOPLIST_KEY_UILaunchStoryboardName = LaunchScreen;
				INFOPLIST_KEY_UISupportedInterfaceOrientations = UIInterfaceOrientationPortrait;
				INFOPLIST_KEY_UISupportedInterfaceOrientations_iPad = "UIInterfaceOrientationPortrait UIInterfaceOrientationPortraitUpsideDown UIInterfaceOrientationLandscapeLeft UIInterfaceOrientationLandscapeRight";
				INFOPLIST_KEY_UISupportedInterfaceOrientations_iPhone = "UIInterfaceOrientationPortrait UIInterfaceOrientationLandscapeLeft UIInterfaceOrientationLandscapeRight";
				LD_RUNPATH_SEARCH_PATHS = (
					"$(inherited)",
					"@executable_path/Frameworks",
				);
				MARKETING_VERSION = 1.0;
				PRODUCT_BUNDLE_IDENTIFIER = ru.varshaver12.WeatherKhlestkin;
				PRODUCT_NAME = "$(TARGET_NAME)";
				SWIFT_EMIT_LOC_STRINGS = YES;
				SWIFT_VERSION = 5.0;
				TARGETED_DEVICE_FAMILY = 1;
			};
			name = Debug;
		};
		7C6E91DE2B233EF300C88351 /* Release */ = {
			isa = XCBuildConfiguration;
			buildSettings = {
				ASSETCATALOG_COMPILER_APPICON_NAME = AppIcon;
				ASSETCATALOG_COMPILER_GLOBAL_ACCENT_COLOR_NAME = AccentColor;
				CODE_SIGN_STYLE = Automatic;
				CURRENT_PROJECT_VERSION = 1;
				DEVELOPMENT_TEAM = C6G3QGCBCM;
				GENERATE_INFOPLIST_FILE = YES;
				INFOPLIST_FILE = WeatherKhlestkin/SupportingFiles/Info.plist;
				INFOPLIST_KEY_UIApplicationSupportsIndirectInputEvents = YES;
				INFOPLIST_KEY_UILaunchStoryboardName = LaunchScreen;
				INFOPLIST_KEY_UISupportedInterfaceOrientations = UIInterfaceOrientationPortrait;
				INFOPLIST_KEY_UISupportedInterfaceOrientations_iPad = "UIInterfaceOrientationPortrait UIInterfaceOrientationPortraitUpsideDown UIInterfaceOrientationLandscapeLeft UIInterfaceOrientationLandscapeRight";
				INFOPLIST_KEY_UISupportedInterfaceOrientations_iPhone = "UIInterfaceOrientationPortrait UIInterfaceOrientationLandscapeLeft UIInterfaceOrientationLandscapeRight";
				LD_RUNPATH_SEARCH_PATHS = (
					"$(inherited)",
					"@executable_path/Frameworks",
				);
				MARKETING_VERSION = 1.0;
				PRODUCT_BUNDLE_IDENTIFIER = ru.varshaver12.WeatherKhlestkin;
				PRODUCT_NAME = "$(TARGET_NAME)";
				SWIFT_EMIT_LOC_STRINGS = YES;
				SWIFT_VERSION = 5.0;
				TARGETED_DEVICE_FAMILY = 1;
			};
			name = Release;
		};
/* End XCBuildConfiguration section */

/* Begin XCConfigurationList section */
		7C6E91C32B233EF100C88351 /* Build configuration list for PBXProject "WeatherKhlestkin" */ = {
			isa = XCConfigurationList;
			buildConfigurations = (
				7C6E91DA2B233EF300C88351 /* Debug */,
				7C6E91DB2B233EF300C88351 /* Release */,
			);
			defaultConfigurationIsVisible = 0;
			defaultConfigurationName = Release;
		};
		7C6E91DC2B233EF300C88351 /* Build configuration list for PBXNativeTarget "WeatherKhlestkin" */ = {
			isa = XCConfigurationList;
			buildConfigurations = (
				7C6E91DD2B233EF300C88351 /* Debug */,
				7C6E91DE2B233EF300C88351 /* Release */,
			);
			defaultConfigurationIsVisible = 0;
			defaultConfigurationName = Release;
		};
/* End XCConfigurationList section */
	};
	rootObject = 7C6E91C02B233EF100C88351 /* Project object */;
}
